{
  "version": 4,
  "terraform_version": "1.5.7",
  "serial": 66,
  "lineage": "f1c24758-6d87-fb61-f739-baaa03df1677",
  "outputs": {
    "bastion_private_ip": {
      "value": "10.0.1.122",
      "type": "string"
    },
    "private_subnet_id": {
      "value": "0dca4e7d-60d3-4d67-bc5a-5eb58c11d7d2",
      "type": "string"
    },
    "public_subnet_id": {
      "value": "be08ed4d-0ce8-4634-b83b-9e56865d012b",
      "type": "string"
    },
    "vpc_id": {
      "value": "98ad579e-1d35-44f0-9ecd-13ad2880e348",
      "type": "string"
    },
    "web_private_ip": {
      "value": "10.0.2.250",
      "type": "string"
    }
  },
  "resources": [
    {
      "mode": "data",
      "type": "hcs_availability_zones",
      "name": "available",
      "provider": "provider[\"registry.terraform.io/huaweicloud/hcs\"]",
      "instances": [
        {
          "schema_version": 0,
          "attributes": {
            "id": "4245103929",
            "names": [
              "az1.hq3",
              "az2.hq3"
            ],
            "region": null,
            "state": "available"
          },
          "sensitive_attributes": []
        }
      ]
    },
    {
      "mode": "managed",
      "type": "hcs_ecs_compute_instance",
      "name": "bastion",
      "provider": "provider[\"registry.terraform.io/huaweicloud/hcs\"]",
      "instances": [
        {
          "schema_version": 0,
          "attributes": {
            "access_ip_v4": "10.0.1.122",
            "access_ip_v6": "",
            "admin_pass": null,
            "availability_zone": "az1.hq3",
            "bandwidth": [],
            "created_at": "2026-02-20T23:20:31Z",
            "data_disks": [],
            "delete_disks_on_termination": null,
            "delete_eip_on_termination": true,
            "description": "dev-bastion",
            "eip_id": null,
            "eip_type": null,
            "encrypt_cipher": null,
            "enterprise_project_id": "0",
            "ext_boot_type": null,
            "flavor_id": "S6_large.1",
            "flavor_name": "S6_large.1",
            "id": "c5137a34-906c-4ab1-8fc8-aaae356e872c",
            "image_id": "450d07fd-bf1a-407a-9063-ea829537859e",
            "image_name": "Ubuntu_22.04_server_64bit",
            "key_pair": "dev-keypair",
            "kms_key_id": null,
            "name": "dev-bastion",
            "network": [
              {
                "access_network": false,
                "fixed_ip_v4": "10.0.1.122",
                "fixed_ip_v6": "",
                "ipv6_enable": false,
                "mac": "fa:16:3e:48:49:c2",
                "port": "7f733922-fe55-4a61-a619-473cf3ebbc07",
                "source_dest_check": true,
                "uuid": "be08ed4d-0ce8-4634-b83b-9e56865d012b"
              }
            ],
            "power_action": "ON",
            "private_key": null,
            "public_ip": null,
            "region": "region-02",
            "scheduler_hints": [],
            "security_group_ids": [
              "c4d10e03-238f-45ba-bc1d-35878fda8a3a"
            ],
            "security_groups": [
              "Operations-dev-bastion-sg"
            ],
            "status": "ACTIVE",
            "system_disk_id": "cd54f3bd-06fb-48f5-9084-58cbdad77f31",
            "system_disk_size": 52,
            "system_disk_type": "",
            "tags": {},
            "timeouts": null,
            "updated_at": "2026-02-20T23:22:09Z",
            "user_data": null,
            "user_id": null,
            "volume_attached": [
              {
                "boot_index": 0,
                "encrypt_cipher": "",
                "kms_key_id": "",
                "pci_address": "0000:02:01.0",
                "size": 52,
                "type": "",
                "volume_id": "cd54f3bd-06fb-48f5-9084-58cbdad77f31"
              }
            ]
          },
          "sensitive_attributes": [],
          "private": "eyJlMmJmYjczMC1lY2FhLTExZTYtOGY4OC0zNDM2M2JjN2M0YzAiOnsiY3JlYXRlIjoxODAwMDAwMDAwMDAwLCJkZWxldGUiOjE4MDAwMDAwMDAwMDAsInVwZGF0ZSI6MTgwMDAwMDAwMDAwMH19",
          "dependencies": [
            "hcs_ecs_compute_keypair.main",
            "hcs_networking_secgroup.bastion",
            "hcs_vpc.main",
            "hcs_vpc_subnet.public"
          ]
        }
      ]
    },
    {
      "mode": "managed",
      "type": "hcs_ecs_compute_instance",
      "name": "web",
      "provider": "provider[\"registry.terraform.io/huaweicloud/hcs\"]",
      "instances": [
        {
          "schema_version": 0,
          "attributes": {
            "access_ip_v4": "10.0.2.250",
            "access_ip_v6": "",
            "admin_pass": null,
            "availability_zone": "az1.hq3",
            "bandwidth": [],
            "created_at": "2026-02-21T02:37:17Z",
            "data_disks": [],
            "delete_disks_on_termination": null,
            "delete_eip_on_termination": true,
            "description": "dev-web",
            "eip_id": null,
            "eip_type": null,
            "encrypt_cipher": null,
            "enterprise_project_id": "0",
            "ext_boot_type": null,
            "flavor_id": "S6_large.1",
            "flavor_name": "S6_large.1",
            "id": "a4da285a-c30e-4f42-9982-69c122f60146",
            "image_id": "450d07fd-bf1a-407a-9063-ea829537859e",
            "image_name": "Ubuntu_22.04_server_64bit",
            "key_pair": "dev-keypair",
            "kms_key_id": null,
            "name": "dev-web",
            "network": [
              {
                "access_network": false,
                "fixed_ip_v4": "10.0.2.250",
                "fixed_ip_v6": "",
                "ipv6_enable": false,
                "mac": "fa:16:3e:48:4a:42",
                "port": "eb255b49-de40-44fa-a5e0-d9bb2bcb2c58",
                "source_dest_check": true,
                "uuid": "0dca4e7d-60d3-4d67-bc5a-5eb58c11d7d2"
              }
            ],
            "power_action": "ON",
            "private_key": null,
            "public_ip": null,
            "region": "region-02",
            "scheduler_hints": [],
            "security_group_ids": [
              "9d4a99fc-22f8-4411-a5d2-a106d929acc5"
            ],
            "security_groups": [
              "Operations-dev-web-sg"
            ],
            "status": "ACTIVE",
            "system_disk_id": "fae1c372-12de-48e1-b4d5-7bae35cb7721",
            "system_disk_size": 52,
            "system_disk_type": "",
            "tags": {},
            "timeouts": null,
            "updated_at": "2026-02-21T03:13:18Z",
            "user_data": null,
            "user_id": null,
            "volume_attached": [
              {
                "boot_index": 0,
                "encrypt_cipher": "",
                "kms_key_id": "",
                "pci_address": "0000:02:01.0",
                "size": 52,
                "type": "",
                "volume_id": "fae1c372-12de-48e1-b4d5-7bae35cb7721"
              }
            ]
          },
          "sensitive_attributes": [],
          "private": "eyJlMmJmYjczMC1lY2FhLTExZTYtOGY4OC0zNDM2M2JjN2M0YzAiOnsiY3JlYXRlIjoxODAwMDAwMDAwMDAwLCJkZWxldGUiOjE4MDAwMDAwMDAwMDAsInVwZGF0ZSI6MTgwMDAwMDAwMDAwMH19",
          "dependencies": [
            "hcs_ecs_compute_keypair.main",
            "hcs_networking_secgroup.web",
            "hcs_vpc_subnet.private"
          ]
        }
      ]
    },
    {
      "mode": "managed",
      "type": "hcs_ecs_compute_keypair",
      "name": "main",
      "provider": "provider[\"registry.terraform.io/huaweicloud/hcs\"]",
      "instances": [
        {
          "schema_version": 0,
          "attributes": {
            "id": "dev-keypair",
            "key_file": null,
            "name": "dev-keypair",
            "public_key": "ssh-rsa AAAAB3NzaC1yc2EAAAADAQABAAACAQDfbNFLSppZjLTXVQKFstHhsGBtG091Ldt6EUXvJliX6AuvdL11dUnhS0YUrLxviFuD4Fv0iQd765YCY8MOVKOJe54o/gsw8dq92KiNLdcnm4AVGmKE+NGF4rpuzQOd6LrM2uuTTa25M7A6QU0k6AIsqipS1lxU0koIuaqn6YDbvxJKh285MWIdATPFraIgFAvnosZA6sKC7Kb6krvSq3BXVf4Kt0+TnxBYMfgWHKCY2sxyKc6DeEJt6XovGm872Mn0P7hjWk5XEBLL4ohgDehgvQCq9og7KQndx4/jZDnnfupEntWJ2fMFDWOHf09dWDo8S8gLM6m0qm62pOBVxsUnQSvcx2O6go47hgfHc7cpluhpTsrp6cqQjRdZ8iOZtkrOI8wjerJPDQR21v7J7Y8+SvItw+L2fDCUb82nZyEDGL/ssiG9ZYoAmJdQ3BDXXJfW41P9lb7jjUicM8ytoFIFr8lWVzAXOdbOV8XU3ep5my8Myhroz0BN4ydHiy103iDr5gNWkiLl02MEpi0a1ompGj5CC46b40oKTE7XaXJ5mnLpWb1iILAAA0SpKdWRqao0FSJ5agZJto55zfzbhj2TmqHyXagHyNOq8qhAhbeg+3u+gWJijAkUFP+RZQRnat62NSboJwYl0/ilNxELWmGLXHMP0TxaL+FaQkrhiU/S4w== terraform-hcs",
            "region": "region-02"
          },
          "sensitive_attributes": [],
          "private": "bnVsbA=="
        }
      ]
    },
    {
      "mode": "managed",
      "type": "hcs_networking_secgroup",
      "name": "bastion",
      "provider": "provider[\"registry.terraform.io/huaweicloud/hcs\"]",
      "instances": [
        {
          "schema_version": 0,
          "attributes": {
            "created_at": "2026-02-20T17:53:39",
            "delete_default_rules": null,
            "description": "Security group for bastion host",
            "enterprise_project_id": "",
            "id": "c4d10e03-238f-45ba-bc1d-35878fda8a3a",
            "name": "Operations-dev-bastion-sg",
            "region": "region-02",
            "rules": [
              {
                "action": "",
                "description": "",
                "direction": "egress",
                "ethertype": "IPv4",
                "id": "5ac2c4f6-64dc-402b-8510-9f43f325edf1",
                "port_range_max": 0,
                "port_range_min": 0,
                "ports": "",
                "protocol": "",
                "remote_group_id": "",
                "remote_ip_prefix": ""
              },
              {
                "action": "",
                "description": "",
                "direction": "ingress",
                "ethertype": "IPv4",
                "id": "b5c35780-ff2d-4775-af2b-1acbea4a3bcc",
                "port_range_max": 0,
                "port_range_min": 0,
                "ports": "",
                "protocol": "",
                "remote_group_id": "c4d10e03-238f-45ba-bc1d-35878fda8a3a",
                "remote_ip_prefix": ""
              },
              {
                "action": "",
                "description": "",
                "direction": "ingress",
                "ethertype": "IPv4",
                "id": "f38801e6-028c-422d-ab24-7dcc25c6f7e3",
                "port_range_max": 22,
                "port_range_min": 22,
                "ports": "",
                "protocol": "tcp",
                "remote_group_id": "",
                "remote_ip_prefix": "0.0.0.0/0"
              }
            ],
            "timeouts": null,
            "updated_at": "2026-02-20T17:53:41"
          },
          "sensitive_attributes": [],
          "private": "eyJlMmJmYjczMC1lY2FhLTExZTYtOGY4OC0zNDM2M2JjN2M0YzAiOnsiZGVsZXRlIjo2MDAwMDAwMDAwMDB9fQ=="
        }
      ]
    },
    {
      "mode": "managed",
      "type": "hcs_networking_secgroup",
      "name": "db",
      "provider": "provider[\"registry.terraform.io/huaweicloud/hcs\"]",
      "instances": [
        {
          "schema_version": 0,
          "attributes": {
            "created_at": "2026-02-20T17:53:39",
            "delete_default_rules": null,
            "description": "Security group for database",
            "enterprise_project_id": "",
            "id": "0262e8a4-b111-4261-ad80-b70c5fe9ea14",
            "name": "Operations-dev-db-sg",
            "region": "region-02",
            "rules": [
              {
                "action": "",
                "description": "",
                "direction": "egress",
                "ethertype": "IPv4",
                "id": "dbecc772-ef61-44c0-ae78-a19a31be45c5",
                "port_range_max": 0,
                "port_range_min": 0,
                "ports": "",
                "protocol": "",
                "remote_group_id": "",
                "remote_ip_prefix": ""
              },
              {
                "action": "",
                "description": "",
                "direction": "ingress",
                "ethertype": "IPv4",
                "id": "54a0f205-c513-4bb7-811c-59a5cccc2c83",
                "port_range_max": 0,
                "port_range_min": 0,
                "ports": "",
                "protocol": "",
                "remote_group_id": "0262e8a4-b111-4261-ad80-b70c5fe9ea14",
                "remote_ip_prefix": ""
              },
              {
                "action": "",
                "description": "",
                "direction": "ingress",
                "ethertype": "IPv4",
                "id": "4d0c9940-b41e-4859-a690-7e2e506ade36",
                "port_range_max": 3306,
                "port_range_min": 3306,
                "ports": "",
                "protocol": "tcp",
                "remote_group_id": "9d4a99fc-22f8-4411-a5d2-a106d929acc5",
                "remote_ip_prefix": ""
              }
            ],
            "timeouts": null,
            "updated_at": "2026-02-20T17:53:41"
          },
          "sensitive_attributes": [],
          "private": "eyJlMmJmYjczMC1lY2FhLTExZTYtOGY4OC0zNDM2M2JjN2M0YzAiOnsiZGVsZXRlIjo2MDAwMDAwMDAwMDB9fQ=="
        }
      ]
    },
    {
      "mode": "managed",
      "type": "hcs_networking_secgroup",
      "name": "lb",
      "provider": "provider[\"registry.terraform.io/huaweicloud/hcs\"]",
      "instances": [
        {
          "schema_version": 0,
          "attributes": {
            "created_at": "2026-02-20T17:53:39",
            "delete_default_rules": null,
            "description": "Security group for load balancer",
            "enterprise_project_id": "",
            "id": "5042e0c4-f364-478e-ac87-3a4c56e80c44",
            "name": "Operations-dev-lb-sg",
            "region": "region-02",
            "rules": [
              {
                "action": "",
                "description": "",
                "direction": "egress",
                "ethertype": "IPv4",
                "id": "db280eaa-d7ff-43d4-8b7b-54f7584c538e",
                "port_range_max": 0,
                "port_range_min": 0,
                "ports": "",
                "protocol": "",
                "remote_group_id": "",
                "remote_ip_prefix": ""
              },
              {
                "action": "",
                "description": "",
                "direction": "ingress",
                "ethertype": "IPv4",
                "id": "ffbd9534-f695-4dc0-8ca5-3cdec3dcbee3",
                "port_range_max": 0,
                "port_range_min": 0,
                "ports": "",
                "protocol": "",
                "remote_group_id": "5042e0c4-f364-478e-ac87-3a4c56e80c44",
                "remote_ip_prefix": ""
              },
              {
                "action": "",
                "description": "",
                "direction": "ingress",
                "ethertype": "IPv4",
                "id": "f8d14139-4a3a-478f-9693-9befac806d37",
                "port_range_max": 80,
                "port_range_min": 80,
                "ports": "",
                "protocol": "tcp",
                "remote_group_id": "",
                "remote_ip_prefix": "0.0.0.0/0"
              },
              {
                "action": "",
                "description": "",
                "direction": "ingress",
                "ethertype": "IPv4",
                "id": "928f7a08-564a-4a60-a944-8efc0e738e90",
                "port_range_max": 443,
                "port_range_min": 443,
                "ports": "",
                "protocol": "tcp",
                "remote_group_id": "",
                "remote_ip_prefix": "0.0.0.0/0"
              }
            ],
            "timeouts": null,
            "updated_at": "2026-02-20T17:53:41"
          },
          "sensitive_attributes": [],
          "private": "eyJlMmJmYjczMC1lY2FhLTExZTYtOGY4OC0zNDM2M2JjN2M0YzAiOnsiZGVsZXRlIjo2MDAwMDAwMDAwMDB9fQ=="
        }
      ]
    },
    {
      "mode": "managed",
      "type": "hcs_networking_secgroup",
      "name": "web",
      "provider": "provider[\"registry.terraform.io/huaweicloud/hcs\"]",
      "instances": [
        {
          "schema_version": 0,
          "attributes": {
            "created_at": "2026-02-20T17:53:39",
            "delete_default_rules": null,
            "description": "Security group for web servers",
            "enterprise_project_id": "",
            "id": "9d4a99fc-22f8-4411-a5d2-a106d929acc5",
            "name": "Operations-dev-web-sg",
            "region": "region-02",
            "rules": [
              {
                "action": "",
                "description": "",
                "direction": "egress",
                "ethertype": "IPv4",
                "id": "0cb462a2-43d6-4471-89a3-1c99cc1675ea",
                "port_range_max": 0,
                "port_range_min": 0,
                "ports": "",
                "protocol": "",
                "remote_group_id": "",
                "remote_ip_prefix": ""
              },
              {
                "action": "",
                "description": "",
                "direction": "ingress",
                "ethertype": "IPv4",
                "id": "3deade39-5c31-4a0b-8c88-31207d7b771d",
                "port_range_max": 0,
                "port_range_min": 0,
                "ports": "",
                "protocol": "",
                "remote_group_id": "9d4a99fc-22f8-4411-a5d2-a106d929acc5",
                "remote_ip_prefix": ""
              },
              {
                "action": "",
                "description": "",
                "direction": "ingress",
                "ethertype": "IPv4",
                "id": "fb008673-d47e-47ec-8dcf-b8348d884c23",
                "port_range_max": 80,
                "port_range_min": 80,
                "ports": "",
                "protocol": "tcp",
                "remote_group_id": "",
                "remote_ip_prefix": "0.0.0.0/0"
              },
              {
                "action": "",
                "description": "",
                "direction": "ingress",
                "ethertype": "IPv4",
                "id": "e1e4f8a3-7bc5-40a0-a019-1e09e3dd691c",
                "port_range_max": 443,
                "port_range_min": 443,
                "ports": "",
                "protocol": "tcp",
                "remote_group_id": "",
                "remote_ip_prefix": "0.0.0.0/0"
              },
              {
                "action": "",
                "description": "",
                "direction": "ingress",
                "ethertype": "IPv4",
                "id": "7fd4f625-4c19-4dd8-b581-48d5111f3e3d",
                "port_range_max": 22,
                "port_range_min": 22,
                "ports": "",
                "protocol": "tcp",
                "remote_group_id": "c4d10e03-238f-45ba-bc1d-35878fda8a3a",
                "remote_ip_prefix": ""
              },
              {
                "action": "",
                "description": "",
                "direction": "ingress",
                "ethertype": "IPv4",
                "id": "b460a5a5-dacf-4dcc-8cf8-bbac19fa4a67",
                "port_range_max": 22,
                "port_range_min": 22,
                "ports": "",
                "protocol": "tcp",
                "remote_group_id": "",
                "remote_ip_prefix": "0.0.0.0/0"
              }
            ],
            "timeouts": null,
            "updated_at": "2026-02-20T17:53:41"
          },
          "sensitive_attributes": [],
          "private": "eyJlMmJmYjczMC1lY2FhLTExZTYtOGY4OC0zNDM2M2JjN2M0YzAiOnsiZGVsZXRlIjo2MDAwMDAwMDAwMDB9fQ=="
        }
      ]
    },
    {
      "mode": "managed",
      "type": "hcs_networking_secgroup_rule",
      "name": "bastion_ssh",
      "provider": "provider[\"registry.terraform.io/huaweicloud/hcs\"]",
      "instances": [
        {
          "schema_version": 0,
          "attributes": {
            "action": null,
            "description": "",
            "direction": "ingress",
            "ethertype": "IPv4",
            "id": "f38801e6-028c-422d-ab24-7dcc25c6f7e3",
            "port_range_max": 22,
            "port_range_min": 22,
            "ports": null,
            "priority": null,
            "protocol": "tcp",
            "region": "region-02",
            "remote_group_id": "",
            "remote_ip_prefix": "0.0.0.0/0",
            "security_group_id": "c4d10e03-238f-45ba-bc1d-35878fda8a3a",
            "timeouts": null
          },
          "sensitive_attributes": [],
          "private": "eyJlMmJmYjczMC1lY2FhLTExZTYtOGY4OC0zNDM2M2JjN2M0YzAiOnsiZGVsZXRlIjo2MDAwMDAwMDAwMDB9fQ==",
          "dependencies": [
            "hcs_networking_secgroup.bastion"
          ]
        }
      ]
    },
    {
      "mode": "managed",
      "type": "hcs_networking_secgroup_rule",
      "name": "db_mysql",
      "provider": "provider[\"registry.terraform.io/huaweicloud/hcs\"]",
      "instances": [
        {
          "schema_version": 0,
          "attributes": {
            "action": null,
            "description": "",
            "direction": "ingress",
            "ethertype": "IPv4",
            "id": "4d0c9940-b41e-4859-a690-7e2e506ade36",
            "port_range_max": 3306,
            "port_range_min": 3306,
            "ports": null,
            "priority": null,
            "protocol": "tcp",
            "region": "region-02",
            "remote_group_id": "9d4a99fc-22f8-4411-a5d2-a106d929acc5",
            "remote_ip_prefix": "",
            "security_group_id": "0262e8a4-b111-4261-ad80-b70c5fe9ea14",
            "timeouts": null
          },
          "sensitive_attributes": [],
          "private": "eyJlMmJmYjczMC1lY2FhLTExZTYtOGY4OC0zNDM2M2JjN2M0YzAiOnsiZGVsZXRlIjo2MDAwMDAwMDAwMDB9fQ==",
          "dependencies": [
            "hcs_networking_secgroup.db",
            "hcs_networking_secgroup.web"
          ]
        }
      ]
    },
    {
      "mode": "managed",
      "type": "hcs_networking_secgroup_rule",
      "name": "lb_http",
      "provider": "provider[\"registry.terraform.io/huaweicloud/hcs\"]",
      "instances": [
        {
          "schema_version": 0,
          "attributes": {
            "action": null,
            "description": "",
            "direction": "ingress",
            "ethertype": "IPv4",
            "id": "f8d14139-4a3a-478f-9693-9befac806d37",
            "port_range_max": 80,
            "port_range_min": 80,
            "ports": null,
            "priority": null,
            "protocol": "tcp",
            "region": "region-02",
            "remote_group_id": "",
            "remote_ip_prefix": "0.0.0.0/0",
            "security_group_id": "5042e0c4-f364-478e-ac87-3a4c56e80c44",
            "timeouts": null
          },
          "sensitive_attributes": [],
          "private": "eyJlMmJmYjczMC1lY2FhLTExZTYtOGY4OC0zNDM2M2JjN2M0YzAiOnsiZGVsZXRlIjo2MDAwMDAwMDAwMDB9fQ==",
          "dependencies": [
            "hcs_networking_secgroup.lb"
          ]
        }
      ]
    },
    {
      "mode": "managed",
      "type": "hcs_networking_secgroup_rule",
      "name": "lb_https",
      "provider": "provider[\"registry.terraform.io/huaweicloud/hcs\"]",
      "instances": [
        {
          "schema_version": 0,
          "attributes": {
            "action": null,
            "description": "",
            "direction": "ingress",
            "ethertype": "IPv4",
            "id": "928f7a08-564a-4a60-a944-8efc0e738e90",
            "port_range_max": 443,
            "port_range_min": 443,
            "ports": null,
            "priority": null,
            "protocol": "tcp",
            "region": "region-02",
            "remote_group_id": "",
            "remote_ip_prefix": "0.0.0.0/0",
            "security_group_id": "5042e0c4-f364-478e-ac87-3a4c56e80c44",
            "timeouts": null
          },
          "sensitive_attributes": [],
          "private": "eyJlMmJmYjczMC1lY2FhLTExZTYtOGY4OC0zNDM2M2JjN2M0YzAiOnsiZGVsZXRlIjo2MDAwMDAwMDAwMDB9fQ==",
          "dependencies": [
            "hcs_networking_secgroup.lb"
          ]
        }
      ]
    },
    {
      "mode": "managed",
      "type": "hcs_networking_secgroup_rule",
      "name": "web_http",
      "provider": "provider[\"registry.terraform.io/huaweicloud/hcs\"]",
      "instances": [
        {
          "schema_version": 0,
          "attributes": {
            "action": null,
            "description": "",
            "direction": "ingress",
            "ethertype": "IPv4",
            "id": "fb008673-d47e-47ec-8dcf-b8348d884c23",
            "port_range_max": 80,
            "port_range_min": 80,
            "ports": null,
            "priority": null,
            "protocol": "tcp",
            "region": "region-02",
            "remote_group_id": "",
            "remote_ip_prefix": "0.0.0.0/0",
            "security_group_id": "9d4a99fc-22f8-4411-a5d2-a106d929acc5",
            "timeouts": null
          },
          "sensitive_attributes": [],
          "private": "eyJlMmJmYjczMC1lY2FhLTExZTYtOGY4OC0zNDM2M2JjN2M0YzAiOnsiZGVsZXRlIjo2MDAwMDAwMDAwMDB9fQ==",
          "dependencies": [
            "hcs_networking_secgroup.web"
          ]
        }
      ]
    },
    {
      "mode": "managed",
      "type": "hcs_networking_secgroup_rule",
      "name": "web_https",
      "provider": "provider[\"registry.terraform.io/huaweicloud/hcs\"]",
      "instances": [
        {
          "schema_version": 0,
          "attributes": {
            "action": null,
            "description": "",
            "direction": "ingress",
            "ethertype": "IPv4",
            "id": "e1e4f8a3-7bc5-40a0-a019-1e09e3dd691c",
            "port_range_max": 443,
            "port_range_min": 443,
            "ports": null,
            "priority": null,
            "protocol": "tcp",
            "region": "region-02",
            "remote_group_id": "",
            "remote_ip_prefix": "0.0.0.0/0",
            "security_group_id": "9d4a99fc-22f8-4411-a5d2-a106d929acc5",
            "timeouts": null
          },
          "sensitive_attributes": [],
          "private": "eyJlMmJmYjczMC1lY2FhLTExZTYtOGY4OC0zNDM2M2JjN2M0YzAiOnsiZGVsZXRlIjo2MDAwMDAwMDAwMDB9fQ==",
          "dependencies": [
            "hcs_networking_secgroup.web"
          ]
        }
      ]
    },
    {
      "mode": "managed",
      "type": "hcs_networking_secgroup_rule",
      "name": "web_ssh_from_bastion",
      "provider": "provider[\"registry.terraform.io/huaweicloud/hcs\"]",
      "instances": [
        {
          "schema_version": 0,
          "attributes": {
            "action": null,
            "description": "",
            "direction": "ingress",
            "ethertype": "IPv4",
            "id": "7fd4f625-4c19-4dd8-b581-48d5111f3e3d",
            "port_range_max": 22,
            "port_range_min": 22,
            "ports": null,
            "priority": null,
            "protocol": "tcp",
            "region": "region-02",
            "remote_group_id": "c4d10e03-238f-45ba-bc1d-35878fda8a3a",
            "remote_ip_prefix": "",
            "security_group_id": "9d4a99fc-22f8-4411-a5d2-a106d929acc5",
            "timeouts": null
          },
          "sensitive_attributes": [],
          "private": "eyJlMmJmYjczMC1lY2FhLTExZTYtOGY4OC0zNDM2M2JjN2M0YzAiOnsiZGVsZXRlIjo2MDAwMDAwMDAwMDB9fQ==",
          "dependencies": [
            "hcs_networking_secgroup.bastion",
            "hcs_networking_secgroup.web"
          ]
        }
      ]
    },
    {
      "mode": "managed",
      "type": "hcs_vpc",
      "name": "main",
      "provider": "provider[\"registry.terraform.io/huaweicloud/hcs\"]",
      "instances": [
        {
          "schema_version": 0,
          "attributes": {
            "cidr": "10.0.0.0/16",
            "enterprise_project_id": "0",
            "id": "98ad579e-1d35-44f0-9ecd-13ad2880e348",
            "name": "Operations-dev-vpc",
            "region": "region-02",
            "routes": [],
            "secondary_cidrs": [],
            "status": "OK",
            "timeouts": null
          },
          "sensitive_attributes": [],
          "private": "eyJlMmJmYjczMC1lY2FhLTExZTYtOGY4OC0zNDM2M2JjN2M0YzAiOnsiY3JlYXRlIjo2MDAwMDAwMDAwMDAsImRlbGV0ZSI6MTgwMDAwMDAwMDAwfX0="
        }
      ]
    },
    {
      "mode": "managed",
      "type": "hcs_vpc_subnet",
      "name": "private",
      "provider": "provider[\"registry.terraform.io/huaweicloud/hcs\"]",
      "instances": [
        {
          "schema_version": 0,
          "attributes": {
            "availability_zone": null,
            "cidr": "10.0.2.0/24",
            "description": "",
            "dhcp_enable": true,
            "dns_list": [],
            "gateway_ip": "10.0.2.1",
            "id": "0dca4e7d-60d3-4d67-bc5a-5eb58c11d7d2",
            "ipv4_subnet_id": "72f45bb9-b6bc-4ac7-a00b-29a679fbad63",
            "ipv6_cidr": "",
            "ipv6_enable": false,
            "ipv6_gateway": "",
            "ipv6_subnet_id": "",
            "name": "Operations-dev-private-subnet",
            "primary_dns": "",
            "region": "region-02",
            "secondary_dns": "",
            "subnet_id": "72f45bb9-b6bc-4ac7-a00b-29a679fbad63",
            "tags": null,
            "timeouts": null,
            "vpc_id": "98ad579e-1d35-44f0-9ecd-13ad2880e348"
          },
          "sensitive_attributes": [],
          "private": "eyJlMmJmYjczMC1lY2FhLTExZTYtOGY4OC0zNDM2M2JjN2M0YzAiOnsiY3JlYXRlIjozMDAwMDAwMDAwMDAsImRlbGV0ZSI6MzAwMDAwMDAwMDAwfX0=",
          "dependencies": [
            "hcs_vpc.main"
          ]
        }
      ]
    },
    {
      "mode": "managed",
      "type": "hcs_vpc_subnet",
      "name": "public",
      "provider": "provider[\"registry.terraform.io/huaweicloud/hcs\"]",
      "instances": [
        {
          "schema_version": 0,
          "attributes": {
            "availability_zone": null,
            "cidr": "10.0.1.0/24",
            "description": "",
            "dhcp_enable": true,
            "dns_list": [],
            "gateway_ip": "10.0.1.1",
            "id": "be08ed4d-0ce8-4634-b83b-9e56865d012b",
            "ipv4_subnet_id": "1040e839-1fea-4bf4-ac86-3064a5470932",
            "ipv6_cidr": "",
            "ipv6_enable": false,
            "ipv6_gateway": "",
            "ipv6_subnet_id": "",
            "name": "Operations-dev-public-subnet",
            "primary_dns": "",
            "region": "region-02",
            "secondary_dns": "",
            "subnet_id": "1040e839-1fea-4bf4-ac86-3064a5470932",
            "tags": null,
            "timeouts": null,
            "vpc_id": "98ad579e-1d35-44f0-9ecd-13ad2880e348"
          },
          "sensitive_attributes": [],
          "private": "eyJlMmJmYjczMC1lY2FhLTExZTYtOGY4OC0zNDM2M2JjN2M0YzAiOnsiY3JlYXRlIjozMDAwMDAwMDAwMDAsImRlbGV0ZSI6MzAwMDAwMDAwMDAwfX0=",
          "dependencies": [
            "hcs_vpc.main"
          ]
        }
      ]
    }
  ],
  "check_results": null
}
